// !$*UTF8*$!
{
	archiveVersion = 1;
	classes = {
	};
	objectVersion = 46;
	objects = {

/* Begin PBXBuildFile section */
		F4EC0C1A1D18FFC900A2D7E8 /* AppDelegate.swift in Sources */ = {isa = PBXBuildFile; fileRef = F4EC0C191D18FFC900A2D7E8 /* AppDelegate.swift */; };
		F4EC0C1C1D18FFC900A2D7E8 /* ViewController.swift in Sources */ = {isa = PBXBuildFile; fileRef = F4EC0C1B1D18FFC900A2D7E8 /* ViewController.swift */; };
		F4EC0C1F1D18FFC900A2D7E8 /* Main.storyboard in Resources */ = {isa = PBXBuildFile; fileRef = F4EC0C1D1D18FFC900A2D7E8 /* Main.storyboard */; };
		F4EC0C211D18FFC900A2D7E8 /* Assets.xcassets in Resources */ = {isa = PBXBuildFile; fileRef = F4EC0C201D18FFC900A2D7E8 /* Assets.xcassets */; };
		F4EC0C241D18FFC900A2D7E8 /* LaunchScreen.storyboard in Resources */ = {isa = PBXBuildFile; fileRef = F4EC0C221D18FFC900A2D7E8 /* LaunchScreen.storyboard */; };
		F4EC0C2F1D18FFC900A2D7E8 /* Cameratest0621Tests.swift in Sources */ = {isa = PBXBuildFile; fileRef = F4EC0C2E1D18FFC900A2D7E8 /* Cameratest0621Tests.swift */; };
		F4EC0C3A1D18FFC900A2D7E8 /* Cameratest0621UITests.swift in Sources */ = {isa = PBXBuildFile; fileRef = F4EC0C391D18FFC900A2D7E8 /* Cameratest0621UITests.swift */; };
/* End PBXBuildFile section */

/* Begin PBXContainerItemProxy section */
		F4EC0C2B1D18FFC900A2D7E8 /* PBXContainerItemProxy */ = {
			isa = PBXContainerItemProxy;
			containerPortal = F4EC0C0E1D18FFC900A2D7E8 /* Project object */;
			proxyType = 1;
			remoteGlobalIDString = F4EC0C151D18FFC900A2D7E8;
			remoteInfo = Cameratest0621;
		};
		F4EC0C361D18FFC900A2D7E8 /* PBXContainerItemProxy */ = {
			isa = PBXContainerItemProxy;
			containerPortal = F4EC0C0E1D18FFC900A2D7E8 /* Project object */;
			proxyType = 1;
			remoteGlobalIDString = F4EC0C151D18FFC900A2D7E8;
			remoteInfo = Cameratest0621;
		};
/* End PBXContainerItemProxy section */

/* Begin PBXFileReference section */
		F4EC0C161D18FFC900A2D7E8 /* Cameratest0621.app */ = {isa = PBXFileReference; explicitFileType = wrapper.application; includeInIndex = 0; path = Cameratest0621.app; sourceTree = BUILT_PRODUCTS_DIR; };
		F4EC0C191D18FFC900A2D7E8 /* AppDelegate.swift */ = {isa = PBXFileReference; lastKnownFileType = sourcecode.swift; path = AppDelegate.swift; sourceTree = "<group>"; };
		F4EC0C1B1D18FFC900A2D7E8 /* ViewController.swift */ = {isa = PBXFileReference; lastKnownFileType = sourcecode.swift; path = ViewController.swift; sourceTree = "<group>"; };
		F4EC0C1E1D18FFC900A2D7E8 /* Base */ = {isa = PBXFileReference; lastKnownFileType = file.storyboard; name = Base; path = Base.lproj/Main.storyboard; sourceTree = "<group>"; };
		F4EC0C201D18FFC900A2D7E8 /* Assets.xcassets */ = {isa = PBXFileReference; lastKnownFileType = folder.assetcatalog; path = Assets.xcassets; sourceTree = "<group>"; };
		F4EC0C231D18FFC900A2D7E8 /* Base */ = {isa = PBXFileReference; lastKnownFileType = file.storyboard; name = Base; path = Base.lproj/LaunchScreen.storyboard; sourceTree = "<group>"; };
		F4EC0C251D18FFC900A2D7E8 /* Info.plist */ = {isa = PBXFileReference; lastKnownFileType = text.plist.xml; path = Info.plist; sourceTree = "<group>"; };
		F4EC0C2A1D18FFC900A2D7E8 /* Cameratest0621Tests.xctest */ = {isa = PBXFileReference; explicitFileType = wrapper.cfbundle; includeInIndex = 0; path = Cameratest0621Tests.xctest; sourceTree = BUILT_PRODUCTS_DIR; };
		F4EC0C2E1D18FFC900A2D7E8 /* Cameratest0621Tests.swift */ = {isa = PBXFileReference; lastKnownFileType = sourcecode.swift; path = Cameratest0621Tests.swift; sourceTree = "<group>"; };
		F4EC0C301D18FFC900A2D7E8 /* Info.plist */ = {isa = PBXFileReference; lastKnownFileType = text.plist.xml; path = Info.plist; sourceTree = "<group>"; };
		F4EC0C351D18FFC900A2D7E8 /* Cameratest0621UITests.xctest */ = {isa = PBXFileReference; explicitFileType = wrapper.cfbundle; includeInIndex = 0; path = Cameratest0621UITests.xctest; sourceTree = BUILT_PRODUCTS_DIR; };
		F4EC0C391D18FFC900A2D7E8 /* Cameratest0621UITests.swift */ = {isa = PBXFileReference; lastKnownFileType = sourcecode.swift; path = Cameratest0621UITests.swift; sourceTree = "<group>"; };
		F4EC0C3B1D18FFC900A2D7E8 /* Info.plist */ = {isa = PBXFileReference; lastKnownFileType = text.plist.xml; path = Info.plist; sourceTree = "<group>"; };
/* End PBXFileReference section */

/* Begin PBXFrameworksBuildPhase section */
		F4EC0C131D18FFC900A2D7E8 /* Frameworks */ = {
			isa = PBXFrameworksBuildPhase;
			buildActionMask = 2147483647;
			files = (
			);
			runOnlyForDeploymentPostprocessing = 0;
		};
		F4EC0C271D18FFC900A2D7E8 /* Frameworks */ = {
			isa = PBXFrameworksBuildPhase;
			buildActionMask = 2147483647;
			files = (
			);
			runOnlyForDeploymentPostprocessing = 0;
		};
		F4EC0C321D18FFC900A2D7E8 /* Frameworks */ = {
			isa = PBXFrameworksBuildPhase;
			buildActionMask = 2147483647;
			files = (
			);
			runOnlyForDeploymentPostprocessing = 0;
		};
/* End PBXFrameworksBuildPhase section */

/* Begin PBXGroup section */
		F4EC0C0D1D18FFC900A2D7E8 = {
			isa = PBXGroup;
			children = (
				F4EC0C181D18FFC900A2D7E8 /* Cameratest0621 */,
				F4EC0C2D1D18FFC900A2D7E8 /* Cameratest0621Tests */,
				F4EC0C381D18FFC900A2D7E8 /* Cameratest0621UITests */,
				F4EC0C171D18FFC900A2D7E8 /* Products */,
			);
			sourceTree = "<group>";
		};
		F4EC0C171D18FFC900A2D7E8 /* Products */ = {
			isa = PBXGroup;
			children = (
				F4EC0C161D18FFC900A2D7E8 /* Cameratest0621.app */,
				F4EC0C2A1D18FFC900A2D7E8 /* Cameratest0621Tests.xctest */,
				F4EC0C351D18FFC900A2D7E8 /* Cameratest0621UITests.xctest */,
			);
			name = Products;
			sourceTree = "<group>";
		};
		F4EC0C181D18FFC900A2D7E8 /* Cameratest0621 */ = {
			isa = PBXGroup;
			children = (
				F4EC0C191D18FFC900A2D7E8 /* AppDelegate.swift */,
				F4EC0C1B1D18FFC900A2D7E8 /* ViewController.swift */,
				F4EC0C1D1D18FFC900A2D7E8 /* Main.storyboard */,
				F4EC0C201D18FFC900A2D7E8 /* Assets.xcassets */,
				F4EC0C221D18FFC900A2D7E8 /* LaunchScreen.storyboard */,
				F4EC0C251D18FFC900A2D7E8 /* Info.plist */,
			);
			path = Cameratest0621;
			sourceTree = "<group>";
		};
		F4EC0C2D1D18FFC900A2D7E8 /* Cameratest0621Tests */ = {
			isa = PBXGroup;
			children = (
				F4EC0C2E1D18FFC900A2D7E8 /* Cameratest0621Tests.swift */,
				F4EC0C301D18FFC900A2D7E8 /* Info.plist */,
			);
			path = Cameratest0621Tests;
			sourceTree = "<group>";
		};
		F4EC0C381D18FFC900A2D7E8 /* Cameratest0621UITests */ = {
			isa = PBXGroup;
			children = (
				F4EC0C391D18FFC900A2D7E8 /* Cameratest0621UITests.swift */,
				F4EC0C3B1D18FFC900A2D7E8 /* Info.plist */,
			);
			path = Cameratest0621UITests;
			sourceTree = "<group>";
		};
/* End PBXGroup section */

/* Begin PBXNativeTarget section */
		F4EC0C151D18FFC900A2D7E8 /* Cameratest0621 */ = {
			isa = PBXNativeTarget;
			buildConfigurationList = F4EC0C3E1D18FFC900A2D7E8 /* Build configuration list for PBXNativeTarget "Cameratest0621" */;
			buildPhases = (
				F4EC0C121D18FFC900A2D7E8 /* Sources */,
				F4EC0C131D18FFC900A2D7E8 /* Frameworks */,
				F4EC0C141D18FFC900A2D7E8 /* Resources */,
			);
			buildRules = (
			);
			dependencies = (
			);
			name = Cameratest0621;
			productName = Cameratest0621;
			productReference = F4EC0C161D18FFC900A2D7E8 /* Cameratest0621.app */;
			productType = "com.apple.product-type.application";
		};
		F4EC0C291D18FFC900A2D7E8 /* Cameratest0621Tests */ = {
			isa = PBXNativeTarget;
			buildConfigurationList = F4EC0C411D18FFC900A2D7E8 /* Build configuration list for PBXNativeTarget "Cameratest0621Tests" */;
			buildPhases = (
				F4EC0C261D18FFC900A2D7E8 /* Sources */,
				F4EC0C271D18FFC900A2D7E8 /* Frameworks */,
				F4EC0C281D18FFC900A2D7E8 /* Resources */,
			);
			buildRules = (
			);
			dependencies = (
				F4EC0C2C1D18FFC900A2D7E8 /* PBXTargetDependency */,
			);
			name = Cameratest0621Tests;
			productName = Cameratest0621Tests;
			productReference = F4EC0C2A1D18FFC900A2D7E8 /* Cameratest0621Tests.xctest */;
			productType = "com.apple.product-type.bundle.unit-test";
		};
		F4EC0C341D18FFC900A2D7E8 /* Cameratest0621UITests */ = {
			isa = PBXNativeTarget;
			buildConfigurationList = F4EC0C441D18FFC900A2D7E8 /* Build configuration list for PBXNativeTarget "Cameratest0621UITests" */;
			buildPhases = (
				F4EC0C311D18FFC900A2D7E8 /* Sources */,
				F4EC0C321D18FFC900A2D7E8 /* Frameworks */,
				F4EC0C331D18FFC900A2D7E8 /* Resources */,
			);
			buildRules = (
			);
			dependencies = (
				F4EC0C371D18FFC900A2D7E8 /* PBXTargetDependency */,
			);
			name = Cameratest0621UITests;
			productName = Cameratest0621UITests;
			productReference = F4EC0C351D18FFC900A2D7E8 /* Cameratest0621UITests.xctest */;
			productType = "com.apple.product-type.bundle.ui-testing";
		};
/* End PBXNativeTarget section */

/* Begin PBXProject section */
		F4EC0C0E1D18FFC900A2D7E8 /* Project object */ = {
			isa = PBXProject;
			attributes = {
				LastSwiftUpdateCheck = 0730;
				LastUpgradeCheck = 0730;
				ORGANIZATIONNAME = "内山香";
				TargetAttributes = {
					F4EC0C151D18FFC900A2D7E8 = {
						CreatedOnToolsVersion = 7.3.1;
					};
					F4EC0C291D18FFC900A2D7E8 = {
						CreatedOnToolsVersion = 7.3.1;
						TestTargetID = F4EC0C151D18FFC900A2D7E8;
					};
					F4EC0C341D18FFC900A2D7E8 = {
						CreatedOnToolsVersion = 7.3.1;
						TestTargetID = F4EC0C151D18FFC900A2D7E8;
					};
				};
			};
			buildConfigurationList = F4EC0C111D18FFC900A2D7E8 /* Build configuration list for PBXProject "Cameratest0621" */;
			compatibilityVersion = "Xcode 3.2";
			developmentRegion = English;
			hasScannedForEncodings = 0;
			knownRegions = (
				en,
				Base,
			);
			mainGroup = F4EC0C0D1D18FFC900A2D7E8;
			productRefGroup = F4EC0C171D18FFC900A2D7E8 /* Products */;
			projectDirPath = "";
			projectRoot = "";
			targets = (
				F4EC0C151D18FFC900A2D7E8 /* Cameratest0621 */,
				F4EC0C291D18FFC900A2D7E8 /* Cameratest0621Tests */,
				F4EC0C341D18FFC900A2D7E8 /* Cameratest0621UITests */,
			);
		};
/* End PBXProject section */

/* Begin PBXResourcesBuildPhase section */
		F4EC0C141D18FFC900A2D7E8 /* Resources */ = {
			isa = PBXResourcesBuildPhase;
			buildActionMask = 2147483647;
			files = (
				F4EC0C241D18FFC900A2D7E8 /* LaunchScreen.storyboard in Resources */,
				F4EC0C211D18FFC900A2D7E8 /* Assets.xcassets in Resources */,
				F4EC0C1F1D18FFC900A2D7E8 /* Main.storyboard in Resources */,
			);
			runOnlyForDeploymentPostprocessing = 0;
		};
		F4EC0C281D18FFC900A2D7E8 /* Resources */ = {
			isa = PBXResourcesBuildPhase;
			buildActionMask = 2147483647;
			files = (
			);
			runOnlyForDeploymentPostprocessing = 0;
		};
		F4EC0C331D18FFC900A2D7E8 /* Resources */ = {
			isa = PBXResourcesBuildPhase;
			buildActionMask = 2147483647;
			files = (
			);
			runOnlyForDeploymentPostprocessing = 0;
		};
/* End PBXResourcesBuildPhase section */

/* Begin PBXSourcesBuildPhase section */
		F4EC0C121D18FFC900A2D7E8 /* Sources */ = {
			isa = PBXSourcesBuildPhase;
			buildActionMask = 2147483647;
			files = (
				F4EC0C1C1D18FFC900A2D7E8 /* ViewController.swift in Sources */,
				F4EC0C1A1D18FFC900A2D7E8 /* AppDelegate.swift in Sources */,
			);
			runOnlyForDeploymentPostprocessing = 0;
		};
		F4EC0C261D18FFC900A2D7E8 /* Sources */ = {
			isa = PBXSourcesBuildPhase;
			buildActionMask = 2147483647;
			files = (
				F4EC0C2F1D18FFC900A2D7E8 /* Cameratest0621Tests.swift in Sources */,
			);
			runOnlyForDeploymentPostprocessing = 0;
		};
		F4EC0C311D18FFC900A2D7E8 /* Sources */ = {
			isa = PBXSourcesBuildPhase;
			buildActionMask = 2147483647;
			files = (
				F4EC0C3A1D18FFC900A2D7E8 /* Cameratest0621UITests.swift in Sources */,
			);
			runOnlyForDeploymentPostprocessing = 0;
		};
/* End PBXSourcesBuildPhase section */

/* Begin PBXTargetDependency section */
		F4EC0C2C1D18FFC900A2D7E8 /* PBXTargetDependency */ = {
			isa = PBXTargetDependency;
			target = F4EC0C151D18FFC900A2D7E8 /* Cameratest0621 */;
			targetProxy = F4EC0C2B1D18FFC900A2D7E8 /* PBXContainerItemProxy */;
		};
		F4EC0C371D18FFC900A2D7E8 /* PBXTargetDependency */ = {
			isa = PBXTargetDependency;
			target = F4EC0C151D18FFC900A2D7E8 /* Cameratest0621 */;
			targetProxy = F4EC0C361D18FFC900A2D7E8 /* PBXContainerItemProxy */;
		};
/* End PBXTargetDependency section */

/* Begin PBXVariantGroup section */
		F4EC0C1D1D18FFC900A2D7E8 /* Main.storyboard */ = {
			isa = PBXVariantGroup;
			children = (
				F4EC0C1E1D18FFC900A2D7E8 /* Base */,
			);
			name = Main.storyboard;
			sourceTree = "<group>";
		};
		F4EC0C221D18FFC900A2D7E8 /* LaunchScreen.storyboard */ = {
			isa = PBXVariantGroup;
			children = (
				F4EC0C231D18FFC900A2D7E8 /* Base */,
			);
			name = LaunchScreen.storyboard;
			sourceTree = "<group>";
		};
/* End PBXVariantGroup section */

/* Begin XCBuildConfiguration section */
		F4EC0C3C1D18FFC900A2D7E8 /* Debug */ = {
			isa = XCBuildConfiguration;
			buildSettings = {
				ALWAYS_SEARCH_USER_PATHS = NO;
				CLANG_ANALYZER_NONNULL = YES;
				CLANG_CXX_LANGUAGE_STANDARD = "gnu++0x";
				CLANG_CXX_LIBRARY = "libc++";
				CLANG_ENABLE_MODULES = YES;
				CLANG_ENABLE_OBJC_ARC = YES;
				CLANG_WARN_BOOL_CONVERSION = YES;
				CLANG_WARN_CONSTANT_CONVERSION = YES;
				CLANG_WARN_DIRECT_OBJC_ISA_USAGE = YES_ERROR;
				CLANG_WARN_EMPTY_BODY = YES;
				CLANG_WARN_ENUM_CONVERSION = YES;
				CLANG_WARN_INT_CONVERSION = YES;
				CLANG_WARN_OBJC_ROOT_CLASS = YES_ERROR;
				CLANG_WARN_UNREACHABLE_CODE = YES;
				CLANG_WARN__DUPLICATE_METHOD_MATCH = YES;
				"CODE_SIGN_IDENTITY[sdk=iphoneos*]" = "iPhone Developer";
				COPY_PHASE_STRIP = NO;
				DEBUG_INFORMATION_FORMAT = dwarf;
				ENABLE_STRICT_OBJC_MSGSEND = YES;
				ENABLE_TESTABILITY = YES;
				GCC_C_LANGUAGE_STANDARD = gnu99;
				GCC_DYNAMIC_NO_PIC = NO;
				GCC_NO_COMMON_BLOCKS = YES;
				GCC_OPTIMIZATION_LEVEL = 0;
				GCC_PREPROCESSOR_DEFINITIONS = (
					"DEBUG=1",
					"$(inherited)",
				);
				GCC_WARN_64_TO_32_BIT_CONVERSION = YES;
				GCC_WARN_ABOUT_RETURN_TYPE = YES_ERROR;
				GCC_WARN_UNDECLARED_SELECTOR = YES;
				GCC_WARN_UNINITIALIZED_AUTOS = YES_AGGRESSIVE;
				GCC_WARN_UNUSED_FUNCTION = YES;
				GCC_WARN_UNUSED_VARIABLE = YES;
				IPHONEOS_DEPLOYMENT_TARGET = 9.3;
				MTL_ENABLE_DEBUG_INFO = YES;
				ONLY_ACTIVE_ARCH = YES;
				SDKROOT = iphoneos;
				SWIFT_OPTIMIZATION_LEVEL = "-Onone";
				TARGETED_DEVICE_FAMILY = "1,2";
			};
			name = Debug;
		};
		F4EC0C3D1D18FFC900A2D7E8 /* Release */ = {
			isa = XCBuildConfiguration;
			buildSettings = {
				ALWAYS_SEARCH_USER_PATHS = NO;
				CLANG_ANALYZER_NONNULL = YES;
				CLANG_CXX_LANGUAGE_STANDARD = "gnu++0x";
				CLANG_CXX_LIBRARY = "libc++";
				CLANG_ENABLE_MODULES = YES;
				CLANG_ENABLE_OBJC_ARC = YES;
				CLANG_WARN_BOOL_CONVERSION = YES;
				CLANG_WARN_CONSTANT_CONVERSION = YES;
				CLANG_WARN_DIRECT_OBJC_ISA_USAGE = YES_ERROR;
				CLANG_WARN_EMPTY_BODY = YES;
				CLANG_WARN_ENUM_CONVERSION = YES;
				CLANG_WARN_INT_CONVERSION = YES;
				CLANG_WARN_OBJC_ROOT_CLASS = YES_ERROR;
				CLANG_WARN_UNREACHABLE_CODE = YES;
				CLANG_WARN__DUPLICATE_METHOD_MATCH = YES;
				"CODE_SIGN_IDENTITY[sdk=iphoneos*]" = "iPhone Developer";
				COPY_PHASE_STRIP = NO;
				DEBUG_INFORMATION_FORMAT = "dwarf-with-dsym";
				ENABLE_NS_ASSERTIONS = NO;
				ENABLE_STRICT_OBJC_MSGSEND = YES;
				GCC_C_LANGUAGE_STANDARD = gnu99;
				GCC_NO_COMMON_BLOCKS = YES;
				GCC_WARN_64_TO_32_BIT_CONVERSION = YES;
				GCC_WARN_ABOUT_RETURN_TYPE = YES_ERROR;
				GCC_WARN_UNDECLARED_SELECTOR = YES;
				GCC_WARN_UNINITIALIZED_AUTOS = YES_AGGRESSIVE;
				GCC_WARN_UNUSED_FUNCTION = YES;
				GCC_WARN_UNUSED_VARIABLE = YES;
				IPHONEOS_DEPLOYMENT_TARGET = 9.3;
				MTL_ENABLE_DEBUG_INFO = NO;
				SDKROOT = iphoneos;
				TARGETED_DEVICE_FAMILY = "1,2";
				VALIDATE_PRODUCT = YES;
			};
			name = Release;
		};
		F4EC0C3F1D18FFC900A2D7E8 /* Debug */ = {
			isa = XCBuildConfiguration;
			buildSettings = {
				ASSETCATALOG_COMPILER_APPICON_NAME = AppIcon;
				INFOPLIST_FILE = Cameratest0621/Info.plist;
				LD_RUNPATH_SEARCH_PATHS = "$(inherited) @executable_path/Frameworks";
				PRODUCT_BUNDLE_IDENTIFIER = litech.com.Cameratest0621;
				PRODUCT_NAME = "$(TARGET_NAME)";
			};
			name = Debug;
		};
		F4EC0C401D18FFC900A2D7E8 /* Release */ = {
			isa = XCBuildConfiguration;
			buildSettings = {
				ASSETCATALOG_COMPILER_APPICON_NAME = AppIcon;
				INFOPLIST_FILE = Cameratest0621/Info.plist;
				LD_RUNPATH_SEARCH_PATHS = "$(inherited) @executable_path/Frameworks";
				PRODUCT_BUNDLE_IDENTIFIER = litech.com.Cameratest0621;
				PRODUCT_NAME = "$(TARGET_NAME)";
			};
			name = Release;
		};
		F4EC0C421D18FFC900A2D7E8 /* Debug */ = {
			isa = XCBuildConfiguration;
			buildSettings = {
				BUNDLE_LOADER = "$(TEST_HOST)";
				INFOPLIST_FILE = Cameratest0621Tests/Info.plist;
				LD_RUNPATH_SEARCH_PATHS = "$(inherited) @executable_path/Frameworks @loader_path/Frameworks";
				PRODUCT_BUNDLE_IDENTIFIER = litech.com.Cameratest0621Tests;
				PRODUCT_NAME = "$(TARGET_NAME)";
				TEST_HOST = "$(BUILT_PRODUCTS_DIR)/Cameratest0621.app/Cameratest0621";
			};
			name = Debug;
		};
		F4EC0C431D18FFC900A2D7E8 /* Release */ = {
			isa = XCBuildConfiguration;
			buildSettings = {
				BUNDLE_LOADER = "$(TEST_HOST)";
				INFOPLIST_FILE = Cameratest0621Tests/Info.plist;
				LD_RUNPATH_SEARCH_PATHS = "$(inherited) @executable_path/Frameworks @loader_path/Frameworks";
				PRODUCT_BUNDLE_IDENTIFIER = litech.com.Cameratest0621Tests;
				PRODUCT_NAME = "$(TARGET_NAME)";
				TEST_HOST = "$(BUILT_PRODUCTS_DIR)/Cameratest0621.app/Cameratest0621";
			};
			name = Release;
		};
		F4EC0C451D18FFC900A2D7E8 /* Debug */ = {
			isa = XCBuildConfiguration;
			buildSettings = {
				INFOPLIST_FILE = Cameratest0621UITests/Info.plist;
				LD_RUNPATH_SEARCH_PATHS = "$(inherited) @executable_path/Frameworks @loader_path/Frameworks";
				PRODUCT_BUNDLE_IDENTIFIER = litech.com.Cameratest0621UITests;
				PRODUCT_NAME = "$(TARGET_NAME)";
				TEST_TARGET_NAME = Cameratest0621;
			};
			name = Debug;
		};
		F4EC0C461D18FFC900A2D7E8 /* Release */ = {
			isa = XCBuildConfiguration;
			buildSettings = {
				INFOPLIST_FILE = Cameratest0621UITests/Info.plist;
				LD_RUNPATH_SEARCH_PATHS = "$(inherited) @executable_path/Frameworks @loader_path/Frameworks";
				PRODUCT_BUNDLE_IDENTIFIER = litech.com.Cameratest0621UITests;
				PRODUCT_NAME = "$(TARGET_NAME)";
				TEST_TARGET_NAME = Cameratest0621;
			};
			name = Release;
		};
/* End XCBuildConfiguration section */

/* Begin XCConfigurationList section */
		F4EC0C111D18FFC900A2D7E8 /* Build configuration list for PBXProject "Cameratest0621" */ = {
			isa = XCConfigurationList;
			buildConfigurations = (
				F4EC0C3C1D18FFC900A2D7E8 /* Debug */,
				F4EC0C3D1D18FFC900A2D7E8 /* Release */,
			);
			defaultConfigurationIsVisible = 0;
			defaultConfigurationName = Release;
		};
		F4EC0C3E1D18FFC900A2D7E8 /* Build configuration list for PBXNativeTarget "Cameratest0621" */ = {
			isa = XCConfigurationList;
			buildConfigurations = (
				F4EC0C3F1D18FFC900A2D7E8 /* Debug */,
				F4EC0C401D18FFC900A2D7E8 /* Release */,
			);
			defaultConfigurationIsVisible = 0;
		};
		F4EC0C411D18FFC900A2D7E8 /* Build configuration list for PBXNativeTarget "Cameratest0621Tests" */ = {
			isa = XCConfigurationList;
			buildConfigurations = (
				F4EC0C421D18FFC900A2D7E8 /* Debug */,
				F4EC0C431D18FFC900A2D7E8 /* Release */,
			);
			defaultConfigurationIsVisible = 0;
		};
		F4EC0C441D18FFC900A2D7E8 /* Build configuration list for PBXNativeTarget "Cameratest0621UITests" */ = {
			isa = XCConfigurationList;
			buildConfigurations = (
				F4EC0C451D18FFC900A2D7E8 /* Debug */,
				F4EC0C461D18FFC900A2D7E8 /* Release */,
			);
			defaultConfigurationIsVisible = 0;
		};
/* End XCConfigurationList section */
	};
	rootObject = F4EC0C0E1D18FFC900A2D7E8 /* Project object */;
}
